{
    "_meta": {
        "hash": {
            "sha256": "b2e014ed85d74d7d8ce3c8c23a9eb5a6827ba60ed7ce35ed4167b89858a7dda5"
        },
        "pipfile-spec": 6,
        "requires": {
            "python_version": "2.7"
        },
        "sources": [
            {
                "name": "pypi",
                "url": "https://pypi.org/simple",
                "verify_ssl": true
            }
        ]
    },
    "default": {
        "apache-beam": {
            "extras": [
                "gcp"
            ],
            "hashes": [
                "sha256:1e11aac65a0a216ca82af057f6a42372ff7eb8ae2cb2466714884c42973ce03b",
                "sha256:6609447011b6f7b02ae9a152e60e98eabda7ea91499b99918501c2feb268dfc9",
                "sha256:8345319b4f434f31fef59fd196f5b99f1d651904b966e354b8602c48d9754648",
                "sha256:957aa09fd8112282b9882b4d1c095aec2feaadb142d43592c9d917f7e201abca",
                "sha256:b50ab6cbd91026af07d40e0f8507e9d477f27b9ca0a2e37e0c3d408fe0be53c5",
                "sha256:bad42e85753f036754d70d147e424b35c34932d47db4214837fd2dbfbbfa10e5"
            ],
            "index": "pypi",
            "version": "==2.10.0"
        },
        "avro": {
            "hashes": [
                "sha256:8f9ee40830b70b5fb52a419711c9c4ad0336443a6fba7335060805f961b04b59"
            ],
            "markers": "python_version < '3.0'",
            "version": "==1.8.2"
        },
        "cachetools": {
            "hashes": [
                "sha256:219b7dc6024195b6f2bc3d3f884d1fef458745cd323b04165378622dcc823852",
                "sha256:9efcc9fab3b49ab833475702b55edd5ae07af1af7a4c627678980b45e459c460"
            ],
            "version": "==3.1.0"
        },
        "certifi": {
            "hashes": [
                "sha256:47f9c83ef4c0c621eaef743f133f09fa8a74a9b75f037e8624f83bd1b6626cb7",
                "sha256:993f830721089fef441cdfeb4b2c8c9df86f0c63239f06bd025a76a7daddb033"
            ],
            "version": "==2018.11.29"
        },
        "chardet": {
            "hashes": [
                "sha256:84ab92ed1c4d4f16916e05906b6b75a6c0fb5db821cc65e70cbd64a3e2a5eaae",
                "sha256:fc323ffcaeaed0e0a02bf4d117757b98aed530d9ed4531e3e15460124c106691"
            ],
            "version": "==3.0.4"
        },
        "crcmod": {
            "hashes": [
                "sha256:dc7051a0db5f2bd48665a990d3ec1cc305a466a77358ca4492826f41f283601e"
            ],
            "version": "==1.7"
        },
        "dill": {
            "hashes": [
                "sha256:f6d6046f9f9195206063dd0415dff185ad593d6ee8b0e67f12597c0f4df4986f"
            ],
            "version": "==0.2.9"
        },
        "docopt": {
            "hashes": [
                "sha256:49b3a825280bd66b3aa83585ef59c4a8c82f2c8a522dbe754a8bc8d08c85c491"
            ],
            "version": "==0.6.2"
        },
        "enum34": {
            "hashes": [
                "sha256:2d81cbbe0e73112bdfe6ef8576f2238f2ba27dd0d55752a776c41d38b7da2850",
                "sha256:644837f692e5f550741432dd3f223bbb9852018674981b1664e5dc339387588a",
                "sha256:6bd0f6ad48ec2aa117d3d141940d484deccda84d4fcd884f5c3d93c23ecd8c79",
                "sha256:8ad8c4783bf61ded74527bffb48ed9b54166685e4230386a9ed9b1279e2df5b1"
            ],
            "markers": "python_version < '3.4'",
            "version": "==1.1.6"
        },
        "fastavro": {
            "hashes": [
                "sha256:022067e166ef8810ce327d07620e9327b15ebc5965b987a847e1d63047e819b2",
                "sha256:078fb31592c85545f6394fbfc97df5da38504caf54b4c2cf9ea64d13ba60f923",
                "sha256:0defb3297172e0f8118f14432c7aeaedf8492134226b587f5d00d37124409659",
                "sha256:2614f652b8e233f182407692c6a4459204cf18d1639ccac02614e0de1449984d",
                "sha256:3664661a799c5666fa4e0abd2913e174b14b591b12588b13fe805bf3756f1aed",
                "sha256:40cb287fcf1cd31141cd4c074ce13c126d420ba727c27d1be38b154a97863868",
                "sha256:4dc1dd0db53decf9613eb9bd19eb788a8ccacae038b8b0be769524eea7e0581e",
                "sha256:541b91c4f24c480970a48e5dc689d0be7ade9a035469c4cdad69b201cc9394a9",
                "sha256:55756868a591989ccb9a15d1d1de44159d4814dd8ca2b95a9463fa844eed5aee",
                "sha256:781f6d89144f5e14c9f24a536b7ea8c7dd6befc7e52945a22b6559e6bdde6d91",
                "sha256:878ac416301f01ec2f73c1d506a86ed0b636e56a3ecb097388d5aceb5ba7a3eb",
                "sha256:87f3844118439146cd988affb91d9e7371a940d16cdde510f8646f12f46f19af",
                "sha256:99deb201b8d89a265866293a55657641edf66ffe20a482d8ea7bb73b0ae3e9fb",
                "sha256:9f9961beaa50825c3c4e8fbcc423e4aabdb495971f616ca5a2a7d170f7a8c313",
                "sha256:c2575da966b4619af79f7c0bc61d3c35082a3710a4f0855ea00916b00941a9ac",
                "sha256:c79cf3e00bb91eb0a0622ddb8b8facd7bd01c2a9a7f4daa77f7c95d0e09ef1a1",
                "sha256:ec5d4d3d18710d65e5b3d32a0ea7bd49842ba896685934010d5175a9f16f077f"
            ],
            "version": "==0.21.18"
        },
        "fasteners": {
            "hashes": [
                "sha256:427c76773fe036ddfa41e57d89086ea03111bbac57c55fc55f3006d027107e18",
                "sha256:564a115ff9698767df401efca29620cbb1a1c2146b7095ebd304b79cc5807a7c"
            ],
            "version": "==0.14.1"
        },
        "funcsigs": {
            "hashes": [
                "sha256:330cc27ccbf7f1e992e69fef78261dc7c6569012cf397db8d3de0234e6c937ca",
                "sha256:a7bb0f2cf3a3fd1ab2732cb49eba4252c2af4240442415b4abce3b87022a8f50"
            ],
            "markers": "python_version < '3.3'",
            "version": "==1.0.2"
        },
        "future": {
            "hashes": [
                "sha256:67045236dcfd6816dc439556d009594abf643e5eb48992e36beac09c2ca659b8"
            ],
            "version": "==0.17.1"
        },
        "futures": {
            "hashes": [
                "sha256:9ec02aa7d674acb8618afb127e27fde7fc68994c0437ad759fa094a574adb265",
                "sha256:ec0a6cb848cc212002b9828c3e34c675e0c9ff6741dc445cab6fdd4e1085d1f1"
            ],
            "markers": "python_version < '3.2'",
            "version": "==3.2.0"
        },
        "google-api-core": {
            "extras": [
                "grpc"
            ],
            "hashes": [
                "sha256:85693e163a1a6faea69a74f8feaf35d54dfa2559fbdbbe389c93ffb3bb4c9a79",
                "sha256:eea2d223f7bdc6d68dd1c4681e17cded5a00b5a8e686e1597b89f27f58cf2980"
            ],
            "version": "==1.7.0"
        },
        "google-apitools": {
            "hashes": [
                "sha256:8c80dffd320dec9be7a310968c9f3a6d0b9054cfec73551afa192e66efc90e76",
                "sha256:c17d7fbeada8de33374b45a58211ece17e71ddedc9c5b10bdd48a862227decf0"
            ],
            "version": "==0.5.24"
        },
        "google-auth": {
            "hashes": [
                "sha256:b6081ba9946828d6417c15ecdc723fdb7c007cdd74e140747d3876a7440f0be5",
                "sha256:e8d64e9bc8cb6f0fc5360c693f86dc9ee6964081ee702e3b5ddc937f99efc950"
            ],
            "version": "==1.6.2"
        },
        "google-cloud-bigquery": {
            "hashes": [
                "sha256:04f0a2bb53d779fc62927be92f8253c34774a1a9f95cccec3e45d000d1547ef9",
                "sha256:bbdc436f6afb00e62a41af011b987bb9a107571c8647dc0264d232e0efe94810"
            ],
            "version": "==1.6.1"
        },
        "google-cloud-core": {
            "hashes": [
                "sha256:9bee63e0991be9801a4baf0b7841cf54f86c6e7fec922f45ea74cd4032ed4ee4",
                "sha256:d85b1aaaf3bad9415ad1d8ee5eadce96d7007a82f13ce0a0629a003a11e83f29"
            ],
            "version": "==0.29.1"
        },
        "google-cloud-pubsub": {
            "hashes": [
                "sha256:a7eb7b32aee3d657362c8517ed456e042432f196ce84f708088c24c64e634524",
                "sha256:aef6392dd8df76a9dc423b20e6231e3d26d910453bd5c4d836261745191ded96"
            ],
            "version": "==0.39.0"
        },
        "google-resumable-media": {
            "hashes": [
                "sha256:2dae98ee716efe799db3578a7b902fbf5592fc5c77d3c0906fc4ef9b1b930861",
                "sha256:3e38923493ca0d7de0ad91c31acfefc393c78586db89364e91cb4f11990e51ba"
            ],
            "version": "==0.3.2"
        },
        "googleapis-common-protos": {
            "extras": [
                "grpc"
            ],
            "hashes": [
                "sha256:d56ca712f67fff216d3be9eeeb8360ca59066d0365ba70b137b9e1801813747e"
            ],
            "version": "==1.5.8"
        },
        "googledatastore": {
            "hashes": [
                "sha256:6880d2d9a940ddba3f7a37a97a4332c25413b1b080b314bcaeb33e2c224bcee2"
            ],
            "version": "==7.0.2"
        },
        "grpc-google-iam-v1": {
            "hashes": [
                "sha256:5009e831dcec22f3ff00e89405249d6a838d1449a46ac8224907aa5b0e0b1aec"
            ],
            "version": "==0.11.4"
        },
        "grpcio": {
            "hashes": [
                "sha256:0134bab8e8d16b195547f9216517b3abcd3e4b6b1f5a1c8940099888003287ac",
                "sha256:084d4a5f34a671bd0ec4668d3a7a3351015de81e6d4aef6710d9dab026def8cc",
                "sha256:1ab29724526d8651c8b878257775e17cf3fba7474c01edc76ff8bcfecf570f91",
                "sha256:1bd017ca22a126af0d7d67b4140b427ae58fd6d79dbd277e6f21be3ee0fdfef7",
                "sha256:25e7b619973e20d8f2cf05d6af0f2e11263a8792b99c058a5b590ef7aef554b8",
                "sha256:2e836e6092e6639cc9edb486f27c6fe078408aac54ed345c5762edcf8588d9c2",
                "sha256:34870eb5d157fe9639f263f0bfe0bcdc1737a6c08181ce113585f6461f37c84b",
                "sha256:424c8f0748935932d28531ce6d817a11914dfb385b86fe815297f122cd04d592",
                "sha256:43c42570f769748982c61a249e01eec5f91149e2aa98438c893de64e649d562b",
                "sha256:4f845d13ecff25012fc9c7f22067fca1d2b3da3f693da146ddcc587fdab3e7b4",
                "sha256:614de7d6672eb023c08dde70b103efa9faacf86ac63b2a24f8d74b064a86f6f0",
                "sha256:6c5956292692f385bb12b5f47afd70ae9469d2ee07a949c94aef2946020c1300",
                "sha256:7030674682433a5cbc069cd5a5fbcdf193c8a3680dc161cd7b984f72ab609f23",
                "sha256:77fff21bee2d3c3487891cdb69b35190deddac609e48c05262e1097f0b2cd82a",
                "sha256:8ac64f3e17e6a13abf9628f0ba22012c948d7ab400592510fed3c62444bdcc0d",
                "sha256:8fdfa8129e1ab2cdf053956dd07b21ccc127c8a8f0c5b83ff60987c009ddb636",
                "sha256:8ff4935abf61206479dd42c56aba0f6c395aebb5c42b29b1f7c2faae41ad979c",
                "sha256:9af47d0f4137a2951b73ee592bdc5690b242cfe81cdfacba1b34becbf72a0d59",
                "sha256:9da5b3c883621afca008d2c5729ddd7f06153f5dcaae1f690bead9b9018a3594",
                "sha256:abe825aa49e6239d5edf4e222c44170d2c7f6f4b1fd5286b4756a62d8067e112",
                "sha256:c8330efa27af2b65aa556a66517ba6657a13e259670ad32dec1b6ff3d6616c3c",
                "sha256:dc3d09abe7b49e84516b53920320d0f0d05587f6398431e50d6a47bd7d27a8b6",
                "sha256:deb08edefef880609f8bd2945764f31d577785ff3f2daea7027b67432ff12f74",
                "sha256:e019c86f55cdcd2bbc239beab14167f2e03ee92407c7c42ddf42edf6f5640cce",
                "sha256:eb0d154c4749458353fbb5a55b39de7aa8445617c20d200729f924be125c56d0",
                "sha256:eed5edb8f2620ad1157c8c5786809fb0a2d885969287a758752ce514274e3be0",
                "sha256:f7a9fc2dfbbc0e838c79f908262638fb86ab326b0fbc0ea2c3dd063b3561e9e2",
                "sha256:f9df2e626f1a8d8114a9dc05a489bdf26a8e926fbbe43112669700f25fe0abb3"
            ],
            "version": "==1.18.0"
        },
        "hdfs": {
            "hashes": [
                "sha256:df8c99e359d7351c7ef70efaceea8238f8311035701c235a57ba98fbac26c932"
            ],
            "version": "==2.2.2"
        },
        "httplib2": {
            "hashes": [
                "sha256:e71daed9a0e6373642db61166fa70beecc9bf04383477f84671348c02a04cbdf"
            ],
            "version": "==0.11.3"
        },
        "idna": {
            "hashes": [
                "sha256:c357b3f628cf53ae2c4c05627ecc484553142ca23264e593d327bcde5e9c3407",
                "sha256:ea8b7f6188e6fa117537c3df7da9fc686d485087abf6ac197f9c46432f7e4a3c"
            ],
            "version": "==2.8"
        },
        "mock": {
            "hashes": [
                "sha256:5ce3c71c5545b472da17b72268978914d0252980348636840bd34a00b5cc96c1",
                "sha256:b158b6df76edd239b8208d481dc46b6afd45a846b7812ff0ce58971cf5bc8bba"
            ],
            "version": "==2.0.0"
        },
        "monotonic": {
            "hashes": [
                "sha256:23953d55076df038541e648a53676fb24980f7a1be290cdda21300b3bc21dfb0",
                "sha256:552a91f381532e33cbd07c6a2655a21908088962bb8fa7239ecbcc6ad1140cc7"
            ],
            "version": "==1.5"
        },
        "numpy": {
            "hashes": [
                "sha256:0cdbbaa30ae69281b18dd995d3079c4e552ad6d5426977f66b9a2a95f11f552a",
                "sha256:2b0cca1049bd39d1879fa4d598624cafe82d35529c72de1b3d528d68031cdd95",
                "sha256:31d3fe5b673e99d33d70cfee2ea8fe8dccd60f265c3ed990873a88647e3dd288",
                "sha256:34dd4922aab246c39bf5df03ca653d6265e65971deca6784c956bf356bca6197",
                "sha256:384e2dfa03da7c8d54f8f934f61b6a5e4e1ebb56a65b287567629d6c14578003",
                "sha256:392e2ea22b41a22c0289a88053204b616181288162ba78e6823e1760309d5277",
                "sha256:4341a39fc085f31a583be505eabf00e17c619b469fef78dc7e8241385bfddaa4",
                "sha256:45080f065dcaa573ebecbfe13cdd86e8c0a68c4e999aa06bd365374ea7137706",
                "sha256:485cb1eb4c9962f4cd042fed9424482ec1d83fee5dc2ef3f2552ac47852cb259",
                "sha256:575cefd28d3e0da85b0864506ae26b06483ee4a906e308be5a7ad11083f9d757",
                "sha256:62784b35df7de7ca4d0d81c5b6af5983f48c5cdef32fc3635b445674e56e3266",
                "sha256:69c152f7c11bf3b4fc11bc4cc62eb0334371c0db6844ebace43b7c815b602805",
                "sha256:6ccfdcefd287f252cf1ea7a3f1656070da330c4a5658e43ad223269165cdf977",
                "sha256:7298fbd73c0b3eff1d53dc9b9bdb7add8797bb55eeee38c8ccd7906755ba28af",
                "sha256:79463d918d1bf3aeb9186e3df17ddb0baca443f41371df422f99ee94f4f2bbfe",
                "sha256:8bbee788d82c0ac656536de70e817af09b7694f5326b0ef08e5c1014fcb96bb3",
                "sha256:a863957192855c4c57f60a75a1ac06ce5362ad18506d362dd807e194b4baf3ce",
                "sha256:ae602ba425fb2b074e16d125cdce4f0194903da935b2e7fe284ebecca6d92e76",
                "sha256:b13faa258b20fa66d29011f99fdf498641ca74a0a6d9266bc27d83c70fea4a6a",
                "sha256:c2c39d69266621dd7464e2bb740d6eb5abc64ddc339cc97aa669f3bb4d75c103",
                "sha256:e9c88f173d31909d881a60f08a8494e63f1aff2a4052476b24d4f50e82c47e24",
                "sha256:f1a29267ac29fff0913de0f11f3a9edfcd3f39595f467026c29376fad243ebe3",
                "sha256:f69dde0c5a137d887676a8129373e44366055cf19d1b434e853310c7a1e68f93"
            ],
            "version": "==1.16.1"
        },
        "oauth2client": {
            "hashes": [
                "sha256:5b5b056ec6f2304e7920b632885bd157fa71d1a7f3ddd00a43b1541a8d1a2460"
            ],
            "version": "==3.0.0"
        },
        "pbr": {
            "hashes": [
                "sha256:a7953f66e1f82e4b061f43096a4bcc058f7d3d41de9b94ac871770e8bdd831a2",
                "sha256:d717573351cfe09f49df61906cd272abaa759b3e91744396b804965ff7bff38b"
            ],
            "version": "==5.1.2"
        },
        "proto-google-cloud-datastore-v1": {
            "hashes": [
                "sha256:a431bb6a286107900c9ce3c48d316378867293c50a4d8a6c7393264600e916f9"
            ],
            "version": "==0.90.4"
        },
        "protobuf": {
            "hashes": [
                "sha256:10394a4d03af7060fa8a6e1cbf38cea44be1467053b0aea5bbfcb4b13c4b88c4",
                "sha256:1489b376b0f364bcc6f89519718c057eb191d7ad6f1b395ffd93d1aa45587811",
                "sha256:1931d8efce896981fe410c802fd66df14f9f429c32a72dd9cfeeac9815ec6444",
                "sha256:196d3a80f93c537f27d2a19a4fafb826fb4c331b0b99110f985119391d170f96",
                "sha256:46e34fdcc2b1f2620172d3a4885128705a4e658b9b62355ae5e98f9ea19f42c2",
                "sha256:4b92e235a3afd42e7493b281c8b80c0c65cbef45de30f43d571d1ee40a1f77ef",
                "sha256:574085a33ca0d2c67433e5f3e9a0965c487410d6cb3406c83bdaf549bfc2992e",
                "sha256:59cd75ded98094d3cf2d79e84cdb38a46e33e7441b2826f3838dcc7c07f82995",
                "sha256:5ee0522eed6680bb5bac5b6d738f7b0923b3cafce8c4b1a039a6107f0841d7ed",
                "sha256:65917cfd5da9dfc993d5684643063318a2e875f798047911a9dd71ca066641c9",
                "sha256:685bc4ec61a50f7360c9fd18e277b65db90105adbf9c79938bd315435e526b90",
                "sha256:92e8418976e52201364a3174e40dc31f5fd8c147186d72380cbda54e0464ee19",
                "sha256:9335f79d1940dfb9bcaf8ec881fb8ab47d7a2c721fb8b02949aab8bbf8b68625",
                "sha256:a7ee3bb6de78185e5411487bef8bc1c59ebd97e47713cba3c460ef44e99b3db9",
                "sha256:ceec283da2323e2431c49de58f80e1718986b79be59c266bb0509cbf90ca5b9e",
                "sha256:fcfc907746ec22716f05ea96b7f41597dfe1a1c088f861efb8a0d4f4196a6f10"
            ],
            "version": "==3.6.1"
        },
        "pyarrow": {
            "hashes": [
                "sha256:08cf372e4b6147afc020c4b803e0141b1a64b149e3e0db606a87c9b727880ce8",
                "sha256:23788dba72cb365435630142537b327577c20944060be6ab012bb81f8379e18b",
                "sha256:2e315224f8a8da69e50310ed3543cac40527dfa9a6d67c2285677ee40cb6bb3f",
                "sha256:36746973e7d82afe6e78e46968e9236351094d0fb943e817f7a6972bb5d6d574",
                "sha256:55ec39ae2c302e1e2c98008f1e69dc0d1a7efacdd15a9b9e3d04d25006989cd5",
                "sha256:5b7cb30bf43b5e485346c90fbb5c61ac5fd3f4476c16637196b36e8d1f2c89af",
                "sha256:a5519aac76168ed0b1ec37150b3c66e9d74a0838e210c6437c04c1caa3fdb9c6",
                "sha256:ab9e9bb53a11a55ae76c0384d0fd628c3013f5d222c9ab43e7e3bc90dbd36d9e",
                "sha256:b82edbd225b6f1b4c6512947aeda38a7b439027166574d6c429b9dc4b35e0e6c",
                "sha256:e74daadd14c6e8c5822b9dca09f6c388c4588a0c8f67ebd5dc741ea85662b43c",
                "sha256:f1ddc694375c985b350e545e9f33b3a86da4ddc40289cfca463ebffbb1d24d2a",
                "sha256:ff723618043421e05a302a1dd7169dfaa9a6a8ec87255be62407db9a205ed68e"
            ],
            "markers": "python_version >= '3.0' or platform_system != 'Windows'",
            "version": "==0.11.1"
        },
        "pyasn1": {
            "hashes": [
                "sha256:da2420fe13a9452d8ae97a0e478adde1dee153b11ba832a95b223a2ba01c10f7",
                "sha256:da6b43a8c9ae93bc80e2739efb38cc776ba74a886e3e9318d65fe81a8b8a2c6e"
            ],
            "version": "==0.4.5"
        },
        "pyasn1-modules": {
            "hashes": [
                "sha256:79580acf813e3b7d6e69783884e6e83ac94bf4617b36a135b85c599d8a818a7b",
                "sha256:a52090e8c5841ebbf08ae455146792d9ef3e8445b21055d3a3b7ed9c712b7c7c"
            ],
            "version": "==0.2.4"
        },
        "pydot": {
            "hashes": [
                "sha256:92d2e2d15531d00710f2d6fb5540d2acabc5399d464f2f20d5d21073af241eb6"
            ],
            "version": "==1.2.4"
        },
        "pyparsing": {
            "hashes": [
                "sha256:66c9268862641abcac4a96ba74506e594c884e3f57690a696d21ad8210ed667a",
                "sha256:f6c5ef0d7480ad048c054c37632c67fca55299990fff127850181659eea33fc3"
            ],
            "version": "==2.3.1"
        },
        "pytz": {
            "hashes": [
                "sha256:32b0891edff07e28efe91284ed9c31e123d84bea3fd98e1f72be2508f43ef8d9",
                "sha256:d5f05e487007e29e03409f9398d074e158d920d36eb82eaf66fb1136b0c5374c"
            ],
            "version": "==2018.9"
        },
        "pyvcf": {
            "hashes": [
                "sha256:e9d872513d179d229ab61da47a33f42726e9613784d1cb2bac3f8e2642f6f9d9"
            ],
            "version": "==0.6.8"
        },
        "pyyaml": {
            "hashes": [
                "sha256:3d7da3009c0f3e783b2c873687652d83b1bbfd5c88e9813fb7e5b03c0dd3108b",
                "sha256:3ef3092145e9b70e3ddd2c7ad59bdd0252a94dfe3949721633e41344de00a6bf",
                "sha256:40c71b8e076d0550b2e6380bada1f1cd1017b882f7e16f09a65be98e017f211a",
                "sha256:558dd60b890ba8fd982e05941927a3911dc409a63dcb8b634feaa0cda69330d3",
                "sha256:a7c28b45d9f99102fa092bb213aa12e0aaf9a6a1f5e395d36166639c1f96c3a1",
                "sha256:aa7dd4a6a427aed7df6fb7f08a580d68d9b118d90310374716ae90b710280af1",
                "sha256:bc558586e6045763782014934bfaf39d48b8ae85a2713117d16c39864085c613",
                "sha256:d46d7982b62e0729ad0175a9bc7e10a566fc07b224d2c79fafb5e032727eaa04",
                "sha256:d5eef459e30b09f5a098b9cea68bebfeb268697f78d647bd255a085371ac7f3f",
                "sha256:e01d3203230e1786cd91ccfdc8f8454c8069c91bee3962ad93b87a4b2860f537",
                "sha256:e170a9e6fcfd19021dd29845af83bb79236068bf5fd4df3327c1be18182b2531"
            ],
            "version": "==3.13"
        },
        "requests": {
            "hashes": [
                "sha256:502a824f31acdacb3a35b6690b5fbf0bc41d63a24a45c4004352b0242707598e",
                "sha256:7bf2a778576d825600030a110f3c0e3e8edc51dfaafe1c146e39a2027784957b"
            ],
            "version": "==2.21.0"
        },
        "rsa": {
            "hashes": [
                "sha256:14ba45700ff1ec9eeb206a2ce76b32814958a98e372006c8fb76ba820211be66",
                "sha256:1a836406405730121ae9823e19c6e806c62bbad73f890574fff50efa4122c487"
            ],
            "version": "==4.0"
        },
        "six": {
            "hashes": [
                "sha256:3350809f0555b11f552448330d0b52d5f24c91a322ea4a15ef22629740f3761c",
                "sha256:d16a0141ec1a18405cd4ce8b4613101da75da0e9a7aec5bdd4fa804d0e0eba73"
            ],
            "version": "==1.12.0"
        },
        "typing": {
            "hashes": [
                "sha256:4027c5f6127a6267a435201981ba156de91ad0d1d98e9ddc2aa173453453492d",
                "sha256:57dcf675a99b74d64dacf6fba08fb17cf7e3d5fdff53d4a30ea2a5e7e52543d4",
                "sha256:a4c8473ce11a65999c8f59cb093e70686b6c84c98df58c1dae9b3b196089858a"
            ],
            "markers": "python_version < '3.5.0'",
            "version": "==3.6.6"
        },
        "urllib3": {
            "hashes": [
                "sha256:61bf29cada3fc2fbefad4fdf059ea4bd1b4a86d2b6d15e1c7c0b582b9752fe39",
                "sha256:de9529817c93f27c8ccbfead6985011db27bd0ddfcdb2d86f3f663385c6a9c22"
            ],
            "version": "==1.24.1"
        }
    },
    "develop": {}
}
